
Microsoft Visual Studio Solution File, Format Version 12.00
# Visual Studio Version 17
VisualStudioVersion = 17.8.34330.188
MinimumVisualStudioVersion = 10.0.40219.1
Project("{9A19103F-16F7-4668-BE54-9A1E7A4F7556}") = "Sixpence.TinyJourney", "Sixpence.TinyJourney\Sixpence.TinyJourney.csproj", "{89B67552-86F1-4AEA-B291-0A8D35799FE8}"
EndProject
Project("{2150E333-8FDC-42A3-9474-1A3956D46DE8}") = "Sixpence.Core", "Sixpence.Core", "{9E6E8367-AFFF-40A3-96FB-CD405D901F62}"
EndProject
Project("{9A19103F-16F7-4668-BE54-9A1E7A4F7556}") = "Sixpence.EntityFramework", "Sixpence.Core\Sixpence.EntityFramework\Sixpence.EntityFramework.csproj", "{4D6ED558-D508-4B7A-8923-F32709BD129D}"
EndProject
Project("{9A19103F-16F7-4668-BE54-9A1E7A4F7556}") = "Sixpence.EntityFramework.Postgres", "Sixpence.Core\Sixpence.EntityFramework.Postgres\Sixpence.EntityFramework.Postgres.csproj", "{A92D81EC-0F65-4E86-BD44-DF6B2025F9B1}"
EndProject
Project("{9A19103F-16F7-4668-BE54-9A1E7A4F7556}") = "Sixpence.Common", "Sixpence.Core\Sixpence.Common\Sixpence.Common.csproj", "{B466C66F-0840-428C-A99C-AFCD89E73003}"
EndProject
Project("{9A19103F-16F7-4668-BE54-9A1E7A4F7556}") = "Sixpence.Web", "Sixpence.Core\Sixpence.Web\Sixpence.Web.csproj", "{A862441E-311C-475B-BEDA-C94D1E447729}"
EndProject
Project("{9A19103F-16F7-4668-BE54-9A1E7A4F7556}") = "Sixpence.EntityFramework.Sqlite", "Sixpence.Core\Sixpence.EntityFramework.Sqlite\Sixpence.EntityFramework.Sqlite.csproj", "{55284254-2473-4D13-80AB-1995310BBD2E}"
EndProject
Project("{FAE04EC0-301F-11D3-BF4B-00C04F79EFBC}") = "Sixpence.AI", "Sixpence.Core\Sixpence.AI\Sixpence.AI.csproj", "{CC44F350-4F2F-4F65-9553-CA2E7BB8A892}"
EndProject
Global
	GlobalSection(SolutionConfigurationPlatforms) = preSolution
		Debug|Any CPU = Debug|Any CPU
		Release|Any CPU = Release|Any CPU
	EndGlobalSection
	GlobalSection(ProjectConfigurationPlatforms) = postSolution
		{89B67552-86F1-4AEA-B291-0A8D35799FE8}.Debug|Any CPU.ActiveCfg = Debug|Any CPU
		{89B67552-86F1-4AEA-B291-0A8D35799FE8}.Debug|Any CPU.Build.0 = Debug|Any CPU
		{89B67552-86F1-4AEA-B291-0A8D35799FE8}.Release|Any CPU.ActiveCfg = Release|Any CPU
		{89B67552-86F1-4AEA-B291-0A8D35799FE8}.Release|Any CPU.Build.0 = Release|Any CPU
		{4D6ED558-D508-4B7A-8923-F32709BD129D}.Debug|Any CPU.ActiveCfg = Debug|Any CPU
		{4D6ED558-D508-4B7A-8923-F32709BD129D}.Debug|Any CPU.Build.0 = Debug|Any CPU
		{4D6ED558-D508-4B7A-8923-F32709BD129D}.Release|Any CPU.ActiveCfg = Release|Any CPU
		{4D6ED558-D508-4B7A-8923-F32709BD129D}.Release|Any CPU.Build.0 = Release|Any CPU
		{A92D81EC-0F65-4E86-BD44-DF6B2025F9B1}.Debug|Any CPU.ActiveCfg = Debug|Any CPU
		{A92D81EC-0F65-4E86-BD44-DF6B2025F9B1}.Debug|Any CPU.Build.0 = Debug|Any CPU
		{A92D81EC-0F65-4E86-BD44-DF6B2025F9B1}.Release|Any CPU.ActiveCfg = Release|Any CPU
		{A92D81EC-0F65-4E86-BD44-DF6B2025F9B1}.Release|Any CPU.Build.0 = Release|Any CPU
		{B466C66F-0840-428C-A99C-AFCD89E73003}.Debug|Any CPU.ActiveCfg = Debug|Any CPU
		{B466C66F-0840-428C-A99C-AFCD89E73003}.Debug|Any CPU.Build.0 = Debug|Any CPU
		{B466C66F-0840-428C-A99C-AFCD89E73003}.Release|Any CPU.ActiveCfg = Release|Any CPU
		{B466C66F-0840-428C-A99C-AFCD89E73003}.Release|Any CPU.Build.0 = Release|Any CPU
		{A862441E-311C-475B-BEDA-C94D1E447729}.Debug|Any CPU.ActiveCfg = Debug|Any CPU
		{A862441E-311C-475B-BEDA-C94D1E447729}.Debug|Any CPU.Build.0 = Debug|Any CPU
		{A862441E-311C-475B-BEDA-C94D1E447729}.Release|Any CPU.ActiveCfg = Release|Any CPU
		{A862441E-311C-475B-BEDA-C94D1E447729}.Release|Any CPU.Build.0 = Release|Any CPU
		{55284254-2473-4D13-80AB-1995310BBD2E}.Debug|Any CPU.ActiveCfg = Debug|Any CPU
		{55284254-2473-4D13-80AB-1995310BBD2E}.Debug|Any CPU.Build.0 = Debug|Any CPU
		{55284254-2473-4D13-80AB-1995310BBD2E}.Release|Any CPU.ActiveCfg = Release|Any CPU
		{55284254-2473-4D13-80AB-1995310BBD2E}.Release|Any CPU.Build.0 = Release|Any CPU
		{CC44F350-4F2F-4F65-9553-CA2E7BB8A892}.Debug|Any CPU.ActiveCfg = Debug|Any CPU
		{CC44F350-4F2F-4F65-9553-CA2E7BB8A892}.Debug|Any CPU.Build.0 = Debug|Any CPU
		{CC44F350-4F2F-4F65-9553-CA2E7BB8A892}.Release|Any CPU.ActiveCfg = Release|Any CPU
		{CC44F350-4F2F-4F65-9553-CA2E7BB8A892}.Release|Any CPU.Build.0 = Release|Any CPU
		{5327C684-B881-B06C-3CFF-58A82A09EDA9}.Debug|Any CPU.ActiveCfg = Debug|Any CPU
		{5327C684-B881-B06C-3CFF-58A82A09EDA9}.Debug|Any CPU.Build.0 = Debug|Any CPU
		{5327C684-B881-B06C-3CFF-58A82A09EDA9}.Debug|Any CPU.Deploy.0 = Debug|Any CPU
		{5327C684-B881-B06C-3CFF-58A82A09EDA9}.Release|Any CPU.ActiveCfg = Release|Any CPU
		{5327C684-B881-B06C-3CFF-58A82A09EDA9}.Release|Any CPU.Build.0 = Release|Any CPU
		{5327C684-B881-B06C-3CFF-58A82A09EDA9}.Release|Any CPU.Deploy.0 = Release|Any CPU
	EndGlobalSection
	GlobalSection(SolutionProperties) = preSolution
		HideSolutionNode = FALSE
	EndGlobalSection
	GlobalSection(NestedProjects) = preSolution
		{4D6ED558-D508-4B7A-8923-F32709BD129D} = {9E6E8367-AFFF-40A3-96FB-CD405D901F62}
		{A92D81EC-0F65-4E86-BD44-DF6B2025F9B1} = {9E6E8367-AFFF-40A3-96FB-CD405D901F62}
		{B466C66F-0840-428C-A99C-AFCD89E73003} = {9E6E8367-AFFF-40A3-96FB-CD405D901F62}
		{A862441E-311C-475B-BEDA-C94D1E447729} = {9E6E8367-AFFF-40A3-96FB-CD405D901F62}
		{55284254-2473-4D13-80AB-1995310BBD2E} = {9E6E8367-AFFF-40A3-96FB-CD405D901F62}
		{CC44F350-4F2F-4F65-9553-CA2E7BB8A892} = {9E6E8367-AFFF-40A3-96FB-CD405D901F62}
	EndGlobalSection
	GlobalSection(ExtensibilityGlobals) = postSolution
		SolutionGuid = {3FA7E2CC-7725-4832-A1CE-F82F2D0EFFAA}
	EndGlobalSection
EndGlobal
